
Microsoft Visual Studio Solution File, Format Version 12.00
# Visual Studio Version 16
VisualStudioVersion = 16.0.29102.190
MinimumVisualStudioVersion = 10.0.40219.1
Project("{FAE04EC0-301F-11D3-BF4B-00C04F79EFBC}") = "SpssLib", "SpssLib\SpssLib.csproj", "{A1736F6F-1A98-48E5-BB4B-377703A53AA5}"
EndProject
Project("{FAE04EC0-301F-11D3-BF4B-00C04F79EFBC}") = "Test.SpssLib", "Test.SpssLib\Test.SpssLib.csproj", "{5BED743E-E23F-4F0D-9E44-94B90FE8DF75}"
EndProject
Project("{FAE04EC0-301F-11D3-BF4B-00C04F79EFBC}") = "Test.SpssLibCore", "Test.SpssLibCore\Test.SpssLibCore.csproj", "{78B6556D-E9F1-41DE-8FE9-59A8FEE86675}"
EndProject
Global
	GlobalSection(SolutionConfigurationPlatforms) = preSolution
		Debug|Any CPU = Debug|Any CPU
		Debug|Mixed Platforms = Debug|Mixed Platforms
		Debug|x86 = Debug|x86
		Release|Any CPU = Release|Any CPU
		Release|Mixed Platforms = Release|Mixed Platforms
		Release|x86 = Release|x86
	EndGlobalSection
	GlobalSection(ProjectConfigurationPlatforms) = postSolution
		{A1736F6F-1A98-48E5-BB4B-377703A53AA5}.Debug|Any CPU.ActiveCfg = Debug|Any CPU
		{A1736F6F-1A98-48E5-BB4B-377703A53AA5}.Debug|Any CPU.Build.0 = Debug|Any CPU
		{A1736F6F-1A98-48E5-BB4B-377703A53AA5}.Debug|Mixed Platforms.ActiveCfg = Debug|Any CPU
		{A1736F6F-1A98-48E5-BB4B-377703A53AA5}.Debug|Mixed Platforms.Build.0 = Debug|Any CPU
		{A1736F6F-1A98-48E5-BB4B-377703A53AA5}.Debug|x86.ActiveCfg = Debug|Any CPU
		{A1736F6F-1A98-48E5-BB4B-377703A53AA5}.Release|Any CPU.ActiveCfg = Release|Any CPU
		{A1736F6F-1A98-48E5-BB4B-377703A53AA5}.Release|Any CPU.Build.0 = Release|Any CPU
		{A1736F6F-1A98-48E5-BB4B-377703A53AA5}.Release|Mixed Platforms.ActiveCfg = Release|Any CPU
		{A1736F6F-1A98-48E5-BB4B-377703A53AA5}.Release|Mixed Platforms.Build.0 = Release|Any CPU
		{A1736F6F-1A98-48E5-BB4B-377703A53AA5}.Release|x86.ActiveCfg = Release|Any CPU
		{5BED743E-E23F-4F0D-9E44-94B90FE8DF75}.Debug|Any CPU.ActiveCfg = Debug|Any CPU
		{5BED743E-E23F-4F0D-9E44-94B90FE8DF75}.Debug|Any CPU.Build.0 = Debug|Any CPU
		{5BED743E-E23F-4F0D-9E44-94B90FE8DF75}.Debug|Mixed Platforms.ActiveCfg = Debug|Any CPU
		{5BED743E-E23F-4F0D-9E44-94B90FE8DF75}.Debug|Mixed Platforms.Build.0 = Debug|Any CPU
		{5BED743E-E23F-4F0D-9E44-94B90FE8DF75}.Debug|x86.ActiveCfg = Debug|Any CPU
		{5BED743E-E23F-4F0D-9E44-94B90FE8DF75}.Release|Any CPU.ActiveCfg = Release|Any CPU
		{5BED743E-E23F-4F0D-9E44-94B90FE8DF75}.Release|Any CPU.Build.0 = Release|Any CPU
		{5BED743E-E23F-4F0D-9E44-94B90FE8DF75}.Release|Mixed Platforms.ActiveCfg = Release|Any CPU
		{5BED743E-E23F-4F0D-9E44-94B90FE8DF75}.Release|Mixed Platforms.Build.0 = Release|Any CPU
		{5BED743E-E23F-4F0D-9E44-94B90FE8DF75}.Release|x86.ActiveCfg = Release|Any CPU
		{78B6556D-E9F1-41DE-8FE9-59A8FEE86675}.Debug|Any CPU.ActiveCfg = Debug|Any CPU
		{78B6556D-E9F1-41DE-8FE9-59A8FEE86675}.Debug|Any CPU.Build.0 = Debug|Any CPU
		{78B6556D-E9F1-41DE-8FE9-59A8FEE86675}.Debug|Mixed Platforms.ActiveCfg = Debug|Any CPU
		{78B6556D-E9F1-41DE-8FE9-59A8FEE86675}.Debug|Mixed Platforms.Build.0 = Debug|Any CPU
		{78B6556D-E9F1-41DE-8FE9-59A8FEE86675}.Debug|x86.ActiveCfg = Debug|Any CPU
		{78B6556D-E9F1-41DE-8FE9-59A8FEE86675}.Debug|x86.Build.0 = Debug|Any CPU
		{78B6556D-E9F1-41DE-8FE9-59A8FEE86675}.Release|Any CPU.ActiveCfg = Release|Any CPU
		{78B6556D-E9F1-41DE-8FE9-59A8FEE86675}.Release|Any CPU.Build.0 = Release|Any CPU
		{78B6556D-E9F1-41DE-8FE9-59A8FEE86675}.Release|Mixed Platforms.ActiveCfg = Release|Any CPU
		{78B6556D-E9F1-41DE-8FE9-59A8FEE86675}.Release|Mixed Platforms.Build.0 = Release|Any CPU
		{78B6556D-E9F1-41DE-8FE9-59A8FEE86675}.Release|x86.ActiveCfg = Release|Any CPU
		{78B6556D-E9F1-41DE-8FE9-59A8FEE86675}.Release|x86.Build.0 = Release|Any CPU
	EndGlobalSection
	GlobalSection(SolutionProperties) = preSolution
		HideSolutionNode = FALSE
	EndGlobalSection
	GlobalSection(ExtensibilityGlobals) = postSolution
		SolutionGuid = {54A7AA53-64FC-458C-A7F7-02503C303881}
	EndGlobalSection
EndGlobal
